
Microsoft Visual Studio Solution File, Format Version 12.00
# Visual Studio 15
VisualStudioVersion = 15.0.27130.2020
MinimumVisualStudioVersion = 10.0.40219.1
Project("{8BC9CEB8-8B4A-11D0-8D11-00A0C91BC942}") = "ConsoleApplication41", "ConsoleApplication41\ConsoleApplication41.vcxproj", "{B5B60A63-02CF-4B61-B94B-4C03DA1143A0}"
EndProject
Global
	GlobalSection(SolutionConfigurationPlatforms) = preSolution
		Debug|x64 = Debug|x64
		Debug|x86 = Debug|x86
		Release|x64 = Release|x64
		Release|x86 = Release|x86
	EndGlobalSection
	GlobalSection(ProjectConfigurationPlatforms) = postSolution
		{B5B60A63-02CF-4B61-B94B-4C03DA1143A0}.Debug|x64.ActiveCfg = Debug|x64
		{B5B60A63-02CF-4B61-B94B-4C03DA1143A0}.Debug|x64.Build.0 = Debug|x64
		{B5B60A63-02CF-4B61-B94B-4C03DA1143A0}.Debug|x86.ActiveCfg = Debug|Win32
		{B5B60A63-02CF-4B61-B94B-4C03DA1143A0}.Debug|x86.Build.0 = Debug|Win32
		{B5B60A63-02CF-4B61-B94B-4C03DA1143A0}.Release|x64.ActiveCfg = Release|x64
		{B5B60A63-02CF-4B61-B94B-4C03DA1143A0}.Release|x64.Build.0 = Release|x64
		{B5B60A63-02CF-4B61-B94B-4C03DA1143A0}.Release|x86.ActiveCfg = Release|Win32
		{B5B60A63-02CF-4B61-B94B-4C03DA1143A0}.Release|x86.Build.0 = Release|Win32
	EndGlobalSection
	GlobalSection(SolutionProperties) = preSolution
		HideSolutionNode = FALSE
	EndGlobalSection
	GlobalSection(ExtensibilityGlobals) = postSolution
		SolutionGuid = {8DA7E27D-A659-4528-8E86-038A9F13CEC9}
	EndGlobalSection
EndGlobal
