
Microsoft Visual Studio Solution File, Format Version 12.00
# Visual Studio 15
VisualStudioVersion = 15.0.27130.2020
MinimumVisualStudioVersion = 10.0.40219.1
Project("{8BC9CEB8-8B4A-11D0-8D11-00A0C91BC942}") = "ConsoleApplication11", "ConsoleApplication11\ConsoleApplication11.vcxproj", "{B364F42F-0B0D-48B7-BA21-0C8D0916DB4F}"
EndProject
Global
	GlobalSection(SolutionConfigurationPlatforms) = preSolution
		Debug|x64 = Debug|x64
		Debug|x86 = Debug|x86
		Release|x64 = Release|x64
		Release|x86 = Release|x86
	EndGlobalSection
	GlobalSection(ProjectConfigurationPlatforms) = postSolution
		{B364F42F-0B0D-48B7-BA21-0C8D0916DB4F}.Debug|x64.ActiveCfg = Debug|x64
		{B364F42F-0B0D-48B7-BA21-0C8D0916DB4F}.Debug|x64.Build.0 = Debug|x64
		{B364F42F-0B0D-48B7-BA21-0C8D0916DB4F}.Debug|x86.ActiveCfg = Debug|Win32
		{B364F42F-0B0D-48B7-BA21-0C8D0916DB4F}.Debug|x86.Build.0 = Debug|Win32
		{B364F42F-0B0D-48B7-BA21-0C8D0916DB4F}.Release|x64.ActiveCfg = Release|x64
		{B364F42F-0B0D-48B7-BA21-0C8D0916DB4F}.Release|x64.Build.0 = Release|x64
		{B364F42F-0B0D-48B7-BA21-0C8D0916DB4F}.Release|x86.ActiveCfg = Release|Win32
		{B364F42F-0B0D-48B7-BA21-0C8D0916DB4F}.Release|x86.Build.0 = Release|Win32
	EndGlobalSection
	GlobalSection(SolutionProperties) = preSolution
		HideSolutionNode = FALSE
	EndGlobalSection
	GlobalSection(ExtensibilityGlobals) = postSolution
		SolutionGuid = {FDCD8190-A942-4F19-ABB0-208CB0F88DD7}
	EndGlobalSection
EndGlobal
