
Microsoft Visual Studio Solution File, Format Version 12.00
# Visual Studio 15
VisualStudioVersion = 15.0.27130.2020
MinimumVisualStudioVersion = 10.0.40219.1
Project("{8BC9CEB8-8B4A-11D0-8D11-00A0C91BC942}") = "C", "C\C.vcxproj", "{B9260CF9-9A70-4EA0-BE38-B8133E3865CF}"
EndProject
Global
	GlobalSection(SolutionConfigurationPlatforms) = preSolution
		Debug|x64 = Debug|x64
		Debug|x86 = Debug|x86
		Release|x64 = Release|x64
		Release|x86 = Release|x86
	EndGlobalSection
	GlobalSection(ProjectConfigurationPlatforms) = postSolution
		{B9260CF9-9A70-4EA0-BE38-B8133E3865CF}.Debug|x64.ActiveCfg = Debug|x64
		{B9260CF9-9A70-4EA0-BE38-B8133E3865CF}.Debug|x64.Build.0 = Debug|x64
		{B9260CF9-9A70-4EA0-BE38-B8133E3865CF}.Debug|x86.ActiveCfg = Debug|Win32
		{B9260CF9-9A70-4EA0-BE38-B8133E3865CF}.Debug|x86.Build.0 = Debug|Win32
		{B9260CF9-9A70-4EA0-BE38-B8133E3865CF}.Release|x64.ActiveCfg = Release|x64
		{B9260CF9-9A70-4EA0-BE38-B8133E3865CF}.Release|x64.Build.0 = Release|x64
		{B9260CF9-9A70-4EA0-BE38-B8133E3865CF}.Release|x86.ActiveCfg = Release|Win32
		{B9260CF9-9A70-4EA0-BE38-B8133E3865CF}.Release|x86.Build.0 = Release|Win32
	EndGlobalSection
	GlobalSection(SolutionProperties) = preSolution
		HideSolutionNode = FALSE
	EndGlobalSection
	GlobalSection(ExtensibilityGlobals) = postSolution
		SolutionGuid = {507F5717-E8A3-4A41-B7B8-9A4BC08DA7AC}
	EndGlobalSection
EndGlobal
