
Microsoft Visual Studio Solution File, Format Version 12.00
# Visual Studio 15
VisualStudioVersion = 15.0.27130.2020
MinimumVisualStudioVersion = 10.0.40219.1
Project("{8BC9CEB8-8B4A-11D0-8D11-00A0C91BC942}") = "ConsoleApplication23", "ConsoleApplication23\ConsoleApplication23.vcxproj", "{45703B13-91BE-4D33-9F1A-0C53FBC7637C}"
EndProject
Global
	GlobalSection(SolutionConfigurationPlatforms) = preSolution
		Debug|x64 = Debug|x64
		Debug|x86 = Debug|x86
		Release|x64 = Release|x64
		Release|x86 = Release|x86
	EndGlobalSection
	GlobalSection(ProjectConfigurationPlatforms) = postSolution
		{45703B13-91BE-4D33-9F1A-0C53FBC7637C}.Debug|x64.ActiveCfg = Debug|x64
		{45703B13-91BE-4D33-9F1A-0C53FBC7637C}.Debug|x64.Build.0 = Debug|x64
		{45703B13-91BE-4D33-9F1A-0C53FBC7637C}.Debug|x86.ActiveCfg = Debug|Win32
		{45703B13-91BE-4D33-9F1A-0C53FBC7637C}.Debug|x86.Build.0 = Debug|Win32
		{45703B13-91BE-4D33-9F1A-0C53FBC7637C}.Release|x64.ActiveCfg = Release|x64
		{45703B13-91BE-4D33-9F1A-0C53FBC7637C}.Release|x64.Build.0 = Release|x64
		{45703B13-91BE-4D33-9F1A-0C53FBC7637C}.Release|x86.ActiveCfg = Release|Win32
		{45703B13-91BE-4D33-9F1A-0C53FBC7637C}.Release|x86.Build.0 = Release|Win32
	EndGlobalSection
	GlobalSection(SolutionProperties) = preSolution
		HideSolutionNode = FALSE
	EndGlobalSection
	GlobalSection(ExtensibilityGlobals) = postSolution
		SolutionGuid = {B9E3FB45-394D-404A-B037-972DF6EB835E}
	EndGlobalSection
EndGlobal
