
Microsoft Visual Studio Solution File, Format Version 12.00
# Visual Studio 15
VisualStudioVersion = 15.0.27130.2020
MinimumVisualStudioVersion = 10.0.40219.1
Project("{8BC9CEB8-8B4A-11D0-8D11-00A0C91BC942}") = "ConsoleApplication20", "ConsoleApplication20\ConsoleApplication20.vcxproj", "{AE68D748-733C-4A8A-AB9E-00429C85D105}"
EndProject
Global
	GlobalSection(SolutionConfigurationPlatforms) = preSolution
		Debug|x64 = Debug|x64
		Debug|x86 = Debug|x86
		Release|x64 = Release|x64
		Release|x86 = Release|x86
	EndGlobalSection
	GlobalSection(ProjectConfigurationPlatforms) = postSolution
		{AE68D748-733C-4A8A-AB9E-00429C85D105}.Debug|x64.ActiveCfg = Debug|x64
		{AE68D748-733C-4A8A-AB9E-00429C85D105}.Debug|x64.Build.0 = Debug|x64
		{AE68D748-733C-4A8A-AB9E-00429C85D105}.Debug|x86.ActiveCfg = Debug|Win32
		{AE68D748-733C-4A8A-AB9E-00429C85D105}.Debug|x86.Build.0 = Debug|Win32
		{AE68D748-733C-4A8A-AB9E-00429C85D105}.Release|x64.ActiveCfg = Release|x64
		{AE68D748-733C-4A8A-AB9E-00429C85D105}.Release|x64.Build.0 = Release|x64
		{AE68D748-733C-4A8A-AB9E-00429C85D105}.Release|x86.ActiveCfg = Release|Win32
		{AE68D748-733C-4A8A-AB9E-00429C85D105}.Release|x86.Build.0 = Release|Win32
	EndGlobalSection
	GlobalSection(SolutionProperties) = preSolution
		HideSolutionNode = FALSE
	EndGlobalSection
	GlobalSection(ExtensibilityGlobals) = postSolution
		SolutionGuid = {1553BB05-33B7-48C7-A342-A7881DE090A2}
	EndGlobalSection
EndGlobal
