
Microsoft Visual Studio Solution File, Format Version 12.00
# Visual Studio 15
VisualStudioVersion = 15.0.27130.2020
MinimumVisualStudioVersion = 10.0.40219.1
Project("{8BC9CEB8-8B4A-11D0-8D11-00A0C91BC942}") = "ConsoleApplication31", "ConsoleApplication31\ConsoleApplication31.vcxproj", "{CC551728-4C43-4CC6-BAA2-6865691146C7}"
EndProject
Global
	GlobalSection(SolutionConfigurationPlatforms) = preSolution
		Debug|x64 = Debug|x64
		Debug|x86 = Debug|x86
		Release|x64 = Release|x64
		Release|x86 = Release|x86
	EndGlobalSection
	GlobalSection(ProjectConfigurationPlatforms) = postSolution
		{CC551728-4C43-4CC6-BAA2-6865691146C7}.Debug|x64.ActiveCfg = Debug|x64
		{CC551728-4C43-4CC6-BAA2-6865691146C7}.Debug|x64.Build.0 = Debug|x64
		{CC551728-4C43-4CC6-BAA2-6865691146C7}.Debug|x86.ActiveCfg = Debug|Win32
		{CC551728-4C43-4CC6-BAA2-6865691146C7}.Debug|x86.Build.0 = Debug|Win32
		{CC551728-4C43-4CC6-BAA2-6865691146C7}.Release|x64.ActiveCfg = Release|x64
		{CC551728-4C43-4CC6-BAA2-6865691146C7}.Release|x64.Build.0 = Release|x64
		{CC551728-4C43-4CC6-BAA2-6865691146C7}.Release|x86.ActiveCfg = Release|Win32
		{CC551728-4C43-4CC6-BAA2-6865691146C7}.Release|x86.Build.0 = Release|Win32
	EndGlobalSection
	GlobalSection(SolutionProperties) = preSolution
		HideSolutionNode = FALSE
	EndGlobalSection
	GlobalSection(ExtensibilityGlobals) = postSolution
		SolutionGuid = {A0F03B14-EE5D-4D06-A2B4-2D66A8DF71DB}
	EndGlobalSection
EndGlobal
