
Microsoft Visual Studio Solution File, Format Version 12.00
# Visual Studio 15
VisualStudioVersion = 15.0.27130.2020
MinimumVisualStudioVersion = 10.0.40219.1
Project("{8BC9CEB8-8B4A-11D0-8D11-00A0C91BC942}") = "ConsoleApplication1", "ConsoleApplication1\ConsoleApplication1.vcxproj", "{2B03424C-1B79-44C9-92DC-51371D0BCCCE}"
EndProject
Global
	GlobalSection(SolutionConfigurationPlatforms) = preSolution
		Debug|x64 = Debug|x64
		Debug|x86 = Debug|x86
		Release|x64 = Release|x64
		Release|x86 = Release|x86
	EndGlobalSection
	GlobalSection(ProjectConfigurationPlatforms) = postSolution
		{2B03424C-1B79-44C9-92DC-51371D0BCCCE}.Debug|x64.ActiveCfg = Debug|x64
		{2B03424C-1B79-44C9-92DC-51371D0BCCCE}.Debug|x64.Build.0 = Debug|x64
		{2B03424C-1B79-44C9-92DC-51371D0BCCCE}.Debug|x86.ActiveCfg = Debug|Win32
		{2B03424C-1B79-44C9-92DC-51371D0BCCCE}.Debug|x86.Build.0 = Debug|Win32
		{2B03424C-1B79-44C9-92DC-51371D0BCCCE}.Release|x64.ActiveCfg = Release|x64
		{2B03424C-1B79-44C9-92DC-51371D0BCCCE}.Release|x64.Build.0 = Release|x64
		{2B03424C-1B79-44C9-92DC-51371D0BCCCE}.Release|x86.ActiveCfg = Release|Win32
		{2B03424C-1B79-44C9-92DC-51371D0BCCCE}.Release|x86.Build.0 = Release|Win32
	EndGlobalSection
	GlobalSection(SolutionProperties) = preSolution
		HideSolutionNode = FALSE
	EndGlobalSection
	GlobalSection(ExtensibilityGlobals) = postSolution
		SolutionGuid = {DA6BC1AB-9FC9-4E59-A20E-85EE00981754}
	EndGlobalSection
EndGlobal
