
Microsoft Visual Studio Solution File, Format Version 12.00
# Visual Studio 15
VisualStudioVersion = 15.0.27428.2015
MinimumVisualStudioVersion = 10.0.40219.1
Project("{8BC9CEB8-8B4A-11D0-8D11-00A0C91BC942}") = "ConsoleApplication68", "ConsoleApplication68\ConsoleApplication68.vcxproj", "{AB4DC643-30D7-403B-8C10-F8665922D030}"
EndProject
Global
	GlobalSection(SolutionConfigurationPlatforms) = preSolution
		Debug|x64 = Debug|x64
		Debug|x86 = Debug|x86
		Release|x64 = Release|x64
		Release|x86 = Release|x86
	EndGlobalSection
	GlobalSection(ProjectConfigurationPlatforms) = postSolution
		{AB4DC643-30D7-403B-8C10-F8665922D030}.Debug|x64.ActiveCfg = Debug|x64
		{AB4DC643-30D7-403B-8C10-F8665922D030}.Debug|x64.Build.0 = Debug|x64
		{AB4DC643-30D7-403B-8C10-F8665922D030}.Debug|x86.ActiveCfg = Debug|Win32
		{AB4DC643-30D7-403B-8C10-F8665922D030}.Debug|x86.Build.0 = Debug|Win32
		{AB4DC643-30D7-403B-8C10-F8665922D030}.Release|x64.ActiveCfg = Release|x64
		{AB4DC643-30D7-403B-8C10-F8665922D030}.Release|x64.Build.0 = Release|x64
		{AB4DC643-30D7-403B-8C10-F8665922D030}.Release|x86.ActiveCfg = Release|Win32
		{AB4DC643-30D7-403B-8C10-F8665922D030}.Release|x86.Build.0 = Release|Win32
	EndGlobalSection
	GlobalSection(SolutionProperties) = preSolution
		HideSolutionNode = FALSE
	EndGlobalSection
	GlobalSection(ExtensibilityGlobals) = postSolution
		SolutionGuid = {3C84A193-8EE9-4648-BF81-987593A8DEBE}
	EndGlobalSection
EndGlobal
