
Microsoft Visual Studio Solution File, Format Version 12.00
# Visual Studio 15
VisualStudioVersion = 15.0.27428.2015
MinimumVisualStudioVersion = 10.0.40219.1
Project("{8BC9CEB8-8B4A-11D0-8D11-00A0C91BC942}") = "ssaaaaaaaaaaaa", "ssaaaaaaaaaaaa\ssaaaaaaaaaaaa.vcxproj", "{C5F20436-E01D-493D-A306-F91286D58278}"
EndProject
Global
	GlobalSection(SolutionConfigurationPlatforms) = preSolution
		Debug|x64 = Debug|x64
		Debug|x86 = Debug|x86
		Release|x64 = Release|x64
		Release|x86 = Release|x86
	EndGlobalSection
	GlobalSection(ProjectConfigurationPlatforms) = postSolution
		{C5F20436-E01D-493D-A306-F91286D58278}.Debug|x64.ActiveCfg = Debug|x64
		{C5F20436-E01D-493D-A306-F91286D58278}.Debug|x64.Build.0 = Debug|x64
		{C5F20436-E01D-493D-A306-F91286D58278}.Debug|x86.ActiveCfg = Debug|Win32
		{C5F20436-E01D-493D-A306-F91286D58278}.Debug|x86.Build.0 = Debug|Win32
		{C5F20436-E01D-493D-A306-F91286D58278}.Release|x64.ActiveCfg = Release|x64
		{C5F20436-E01D-493D-A306-F91286D58278}.Release|x64.Build.0 = Release|x64
		{C5F20436-E01D-493D-A306-F91286D58278}.Release|x86.ActiveCfg = Release|Win32
		{C5F20436-E01D-493D-A306-F91286D58278}.Release|x86.Build.0 = Release|Win32
	EndGlobalSection
	GlobalSection(SolutionProperties) = preSolution
		HideSolutionNode = FALSE
	EndGlobalSection
	GlobalSection(ExtensibilityGlobals) = postSolution
		SolutionGuid = {DBB357A6-7E8F-4770-B900-D79CD61E56AA}
	EndGlobalSection
EndGlobal
